# This file is automatically @generated by Cargo.
# It is not intended for manual editing.
version = 4

[[package]]
name = "bench"
version = "0.1.0"
dependencies = [
 "rvos",
 "rvos-proto",
 "rvos-rt",
]

[[package]]
name = "dbg"
version = "0.1.0"
dependencies = [
 "rvos",
 "rvos-proto",
 "rvos-rt",
]

[[package]]
name = "fbcon"
version = "0.1.0"
dependencies = [
 "rvos",
 "rvos-gfx",
 "rvos-proto",
 "rvos-rt",
]

[[package]]
name = "fs"
version = "0.1.0"
dependencies = [
 "rvos",
 "rvos-proto",
 "rvos-rt",
]

[[package]]
name = "gui-bench"
version = "0.1.0"
dependencies = [
 "rvos",
 "rvos-proto",
 "rvos-rt",
]

[[package]]
name = "hello"
version = "0.1.0"
dependencies = [
 "rvos-rt",
]

[[package]]
name = "ipc-torture"
version = "0.1.0"
dependencies = [
 "rvos",
 "rvos-rt",
]

[[package]]
name = "ktest"
version = "0.1.0"
dependencies = [
 "rvos",
 "rvos-proto",
 "rvos-rt",
]

[[package]]
name = "ktest-helper"
version = "0.1.0"
dependencies = [
 "rvos",
 "rvos-rt",
]

[[package]]
name = "net-stack"
version = "0.1.0"
dependencies = [
 "rvos",
 "rvos-proto",
 "rvos-rt",
]

[[package]]
name = "rvos"
version = "0.1.0"
dependencies = [
 "rvos-proto",
 "rvos-wire",
]

[[package]]
name = "rvos-gfx"
version = "0.1.0"

[[package]]
name = "rvos-proto"
version = "0.1.0"
dependencies = [
 "rvos-wire",
]

[[package]]
name = "rvos-rt"
version = "0.1.0"

[[package]]
name = "rvos-wire"
version = "0.1.0"

[[package]]
name = "shell"
version = "0.1.0"
dependencies = [
 "rvos",
 "rvos-proto",
 "rvos-rt",
]

[[package]]
name = "triangle"
version = "0.1.0"
dependencies = [
 "rvos",
 "rvos-gfx",
 "rvos-proto",
 "rvos-rt",
]

[[package]]
name = "udp-echo"
version = "0.1.0"
dependencies = [
 "rvos",
 "rvos-proto",
 "rvos-rt",
]

[[package]]
name = "winclient"
version = "0.1.0"
dependencies = [
 "rvos",
 "rvos-proto",
 "rvos-rt",
]

[[package]]
name = "window-server"
version = "0.1.0"
dependencies = [
 "rvos",
 "rvos-gfx",
 "rvos-proto",
 "rvos-rt",
]
